
Microsoft Visual Studio Solution File, Format Version 12.00
# Visual Studio Version 17
VisualStudioVersion = 17.0.32014.148
MinimumVisualStudioVersion = 10.0.40219.1
Project("{9A19103F-16F7-4668-BE54-9A1E7A4F7556}") = "KSPExam", "KSPExam\KSPExam.csproj", "{E815D791-1660-43B2-90FC-4A8FEF66DF7B}"
EndProject
Project("{FAE04EC0-301F-11D3-BF4B-00C04F79EFBC}") = "WebMVCKsp", "WebMVCKsp\WebMVCKsp.csproj", "{29727159-0E3A-414C-90A4-C1CF00B5B1F7}"
EndProject
Global
	GlobalSection(SolutionConfigurationPlatforms) = preSolution
		Debug|Any CPU = Debug|Any CPU
		Release|Any CPU = Release|Any CPU
	EndGlobalSection
	GlobalSection(ProjectConfigurationPlatforms) = postSolution
		{E815D791-1660-43B2-90FC-4A8FEF66DF7B}.Debug|Any CPU.ActiveCfg = Debug|Any CPU
		{E815D791-1660-43B2-90FC-4A8FEF66DF7B}.Debug|Any CPU.Build.0 = Debug|Any CPU
		{E815D791-1660-43B2-90FC-4A8FEF66DF7B}.Release|Any CPU.ActiveCfg = Release|Any CPU
		{E815D791-1660-43B2-90FC-4A8FEF66DF7B}.Release|Any CPU.Build.0 = Release|Any CPU
		{29727159-0E3A-414C-90A4-C1CF00B5B1F7}.Debug|Any CPU.ActiveCfg = Debug|Any CPU
		{29727159-0E3A-414C-90A4-C1CF00B5B1F7}.Debug|Any CPU.Build.0 = Debug|Any CPU
		{29727159-0E3A-414C-90A4-C1CF00B5B1F7}.Release|Any CPU.ActiveCfg = Release|Any CPU
		{29727159-0E3A-414C-90A4-C1CF00B5B1F7}.Release|Any CPU.Build.0 = Release|Any CPU
	EndGlobalSection
	GlobalSection(SolutionProperties) = preSolution
		HideSolutionNode = FALSE
	EndGlobalSection
	GlobalSection(ExtensibilityGlobals) = postSolution
		SolutionGuid = {6F7C57CB-3CC3-4866-BBBD-5E1A92F1A831}
	EndGlobalSection
EndGlobal
